
Microsoft Visual Studio Solution File, Format Version 12.00
Project("{FAE04EC0-301F-11D3-BF4B-00C04F79EFBC}") = "LikeRogue", "LikeRogue\LikeRogue.csproj", "{FAF65B95-6B83-4845-BC40-F0F65213808D}"
EndProject
Global
	GlobalSection(SolutionConfigurationPlatforms) = preSolution
		Debug|Any CPU = Debug|Any CPU
		Release|Any CPU = Release|Any CPU
	EndGlobalSection
	GlobalSection(ProjectConfigurationPlatforms) = postSolution
		{FAF65B95-6B83-4845-BC40-F0F65213808D}.Debug|Any CPU.ActiveCfg = Debug|Any CPU
		{FAF65B95-6B83-4845-BC40-F0F65213808D}.Debug|Any CPU.Build.0 = Debug|Any CPU
		{FAF65B95-6B83-4845-BC40-F0F65213808D}.Release|Any CPU.ActiveCfg = Release|Any CPU
		{FAF65B95-6B83-4845-BC40-F0F65213808D}.Release|Any CPU.Build.0 = Release|Any CPU
	EndGlobalSection
EndGlobal
